
Microsoft Visual Studio Solution File, Format Version 12.00
# Visual Studio Version 16
VisualStudioVersion = 16.0.30428.66
MinimumVisualStudioVersion = 10.0.40219.1
Project("{9A19103F-16F7-4668-BE54-9A1E7A4F7556}") = "Imouto.ImageSource", "Imouto.ImageSource\Imouto.ImageSource.csproj", "{6A19CC7A-9A69-4356-A512-DCA5B78328AF}"
EndProject
Global
	GlobalSection(SolutionConfigurationPlatforms) = preSolution
		Debug|Any CPU = Debug|Any CPU
		Release|Any CPU = Release|Any CPU
	EndGlobalSection
	GlobalSection(ProjectConfigurationPlatforms) = postSolution
		{6A19CC7A-9A69-4356-A512-DCA5B78328AF}.Debug|Any CPU.ActiveCfg = Debug|Any CPU
		{6A19CC7A-9A69-4356-A512-DCA5B78328AF}.Debug|Any CPU.Build.0 = Debug|Any CPU
		{6A19CC7A-9A69-4356-A512-DCA5B78328AF}.Release|Any CPU.ActiveCfg = Release|Any CPU
		{6A19CC7A-9A69-4356-A512-DCA5B78328AF}.Release|Any CPU.Build.0 = Release|Any CPU
	EndGlobalSection
	GlobalSection(SolutionProperties) = preSolution
		HideSolutionNode = FALSE
	EndGlobalSection
	GlobalSection(ExtensibilityGlobals) = postSolution
		SolutionGuid = {ECB9BE9B-8A21-4AE7-8CE8-6FB3B371887B}
	EndGlobalSection
EndGlobal
